
Microsoft Visual Studio Solution File, Format Version 12.00
Project("{FAE04EC0-301F-11D3-BF4B-00C04F79EFBC}") = "FolderSync", "FolderSync\FolderSync.csproj", "{9FBFF56A-E28D-4D78-A503-0F7927C8557C}"
EndProject
Global
	GlobalSection(SolutionConfigurationPlatforms) = preSolution
		Debug|Any CPU = Debug|Any CPU
		Release|Any CPU = Release|Any CPU
	EndGlobalSection
	GlobalSection(ProjectConfigurationPlatforms) = postSolution
		{9FBFF56A-E28D-4D78-A503-0F7927C8557C}.Debug|Any CPU.ActiveCfg = Debug|Any CPU
		{9FBFF56A-E28D-4D78-A503-0F7927C8557C}.Debug|Any CPU.Build.0 = Debug|Any CPU
		{9FBFF56A-E28D-4D78-A503-0F7927C8557C}.Release|Any CPU.ActiveCfg = Release|Any CPU
		{9FBFF56A-E28D-4D78-A503-0F7927C8557C}.Release|Any CPU.Build.0 = Release|Any CPU
	EndGlobalSection
EndGlobal
